
Microsoft Visual Studio Solution File, Format Version 12.00
# Visual Studio Version 16
VisualStudioVersion = 16.0.31702.278
MinimumVisualStudioVersion = 10.0.40219.1
Project("{9A19103F-16F7-4668-BE54-9A1E7A4F7556}") = "AutoStacker", "AutoStacker.csproj", "{BCAFD7B1-24E3-42AA-B497-EBCB6CD2A05D}"
EndProject
Global
	GlobalSection(SolutionConfigurationPlatforms) = preSolution
		Debug|Any CPU = Debug|Any CPU
		Release|Any CPU = Release|Any CPU
	EndGlobalSection
	GlobalSection(ProjectConfigurationPlatforms) = postSolution
		{BCAFD7B1-24E3-42AA-B497-EBCB6CD2A05D}.Debug|Any CPU.ActiveCfg = Debug|Any CPU
		{BCAFD7B1-24E3-42AA-B497-EBCB6CD2A05D}.Debug|Any CPU.Build.0 = Debug|Any CPU
		{BCAFD7B1-24E3-42AA-B497-EBCB6CD2A05D}.Release|Any CPU.ActiveCfg = Release|Any CPU
		{BCAFD7B1-24E3-42AA-B497-EBCB6CD2A05D}.Release|Any CPU.Build.0 = Release|Any CPU
	EndGlobalSection
	GlobalSection(SolutionProperties) = preSolution
		HideSolutionNode = FALSE
	EndGlobalSection
	GlobalSection(ExtensibilityGlobals) = postSolution
		SolutionGuid = {80F104FA-0DB3-4C71-8DF7-9F097FD13131}
	EndGlobalSection
EndGlobal
